{
  "object": {
    "pins": [
      {
        "package": "llbuild",
        "repositoryURL": "https://github.com/apple/swift-llbuild.git",
        "state": {
          "branch": null,
          "revision": "4f77fc47e2f5fcddc057abc8391f7c23d1e8d275",
          "version": "0.1.0"
        }
      },
      {
        "package": "SwiftPM",
        "repositoryURL": "https://github.com/apple/swift-package-manager",
        "state": {
          "branch": null,
          "revision": "8656a25cb906c1896339f950ac960ee1b4fe8034",
          "version": "0.4.0"
        }
      }
    ]
  },
  "version": 1
}
