{
  "object": {
    "pins": [
      {
        "package": "Console",
        "repositoryURL": "https://github.com/LuizZak/console.git",
        "state": {
          "branch": null,
          "revision": "a7c1af26ffdb6fd2dbb1bffe714b5950ce738f70",
          "version": "0.8.0"
        }
      },
      {
        "package": "swift-argument-parser",
        "repositoryURL": "https://github.com/apple/swift-argument-parser.git",
        "state": {
          "branch": null,
          "revision": "e1465042f195f374b94f915ba8ca49de24300a0d",
          "version": "1.0.2"
        }
      },
      {
        "package": "swift-syntax",
        "repositoryURL": "https://github.com/apple/swift-syntax",
        "state": {
          "branch": "509.1.0",
          "revision": "43c802fb7f96e090dde015344a94b5e85779eff1",
          "version": null
        }
      }
    ]
  },
  "version": 1
}
