{
  "object": {
    "pins": [
      {
        "package": "swift-argument-parser",
        "repositoryURL": "https://github.com/apple/swift-argument-parser.git",
        "state": {
          "branch": null,
          "revision": "f6ac7b8118ff5d1bc0faee7f37bf6f8fd8f95602",
          "version": "0.0.1"
        }
      },
      {
        "package": "SwiftSyntax",
        "repositoryURL": "https://github.com/apple/swift-syntax",
        "state": {
          "branch": "0.50100.0",
          "revision": "3e3eb191fcdbecc6031522660c4ed6ce25282c25",
          "version": null
        }
      }
    ]
  },
  "version": 1
}
